{
  "nodes": {
    "nixpkgs": {
      "locked": {
        "lastModified": 1719748801,
        "narHash": "sha256-c+cWlre/d60egEfCpBkSUF+FfvkEkMGXj6xuQMOhZ0s=",
        "owner": "NixOS",
        "repo": "nixpkgs",
        "rev": "7e00526b3e30803309e621d24d54ec7d7b902a36",
        "type": "github"
      },
      "original": {
        "owner": "NixOS",
        "repo": "nixpkgs",
        "type": "github"
      }
    },
    "root": {
      "inputs": {
        "nixpkgs": "nixpkgs"
      }
    }
  },
  "root": "root",
  "version": 7
}
